
Microsoft Visual Studio Solution File, Format Version 12.00
# Visual Studio Version 17
VisualStudioVersion = 17.2.32526.322
MinimumVisualStudioVersion = 10.0.40219.1
Project("{FAE04EC0-301F-11D3-BF4B-00C04F79EFBC}") = "MirrorPatch", "MirrorPatch\MirrorPatch.csproj", "{A1141412-E8FB-4865-806F-A3ED570073BC}"
EndProject
Global
	GlobalSection(SolutionConfigurationPlatforms) = preSolution
		Debug|Any CPU = Debug|Any CPU
		Release|Any CPU = Release|Any CPU
	EndGlobalSection
	GlobalSection(ProjectConfigurationPlatforms) = postSolution
		{A1141412-E8FB-4865-806F-A3ED570073BC}.Debug|Any CPU.ActiveCfg = Debug|Any CPU
		{A1141412-E8FB-4865-806F-A3ED570073BC}.Debug|Any CPU.Build.0 = Debug|Any CPU
		{A1141412-E8FB-4865-806F-A3ED570073BC}.Release|Any CPU.ActiveCfg = Release|Any CPU
		{A1141412-E8FB-4865-806F-A3ED570073BC}.Release|Any CPU.Build.0 = Release|Any CPU
	EndGlobalSection
	GlobalSection(SolutionProperties) = preSolution
		HideSolutionNode = FALSE
	EndGlobalSection
	GlobalSection(ExtensibilityGlobals) = postSolution
		SolutionGuid = {018594D1-B503-467F-AA08-85EC0ED134B1}
	EndGlobalSection
EndGlobal
